<?xml version="1.0" encoding="utf-8"?>
<Project ToolsVersion="15.0" xmlns="http://schemas.microsoft.com/developer/msbuild/2003">
  <ItemGroup>
    <Filter Include="include">
      <UniqueIdentifier>{BC877715-68B9-34C2-BDBD-F83832BB3D85}</UniqueIdentifier>
    </Filter>
    <Filter Include="src">
      <UniqueIdentifier>{FB3FB8F2-7BC3-35F6-9E71-2AA7D26FB4C0}</UniqueIdentifier>
    </Filter>
    <Filter Include="include\JUCE">
      <UniqueIdentifier>{6f14db33-0c2f-42a6-8164-c7ee04292e98}</UniqueIdentifier>
    </Filter>
    <Filter Include="include\p4">
      <UniqueIdentifier>{3db9c44d-88cf-4571-b7f6-d2c6ac3b51de}</UniqueIdentifier>
    </Filter>
  </ItemGroup>
  <ItemGroup>
    <ClInclude Include="include\reaper_plugin.h">
      <Filter>include</Filter>
    </ClInclude>
    <ClInclude Include="include\reaper_plugin_functions.h">
      <Filter>include</Filter>
    </ClInclude>
    <ClInclude Include="include\GUI.h">
      <Filter>include</Filter>
    </ClInclude>
    <ClInclude Include="include\JUCE\AppConfig.h">
      <Filter>include\JUCE</Filter>
    </ClInclude>
    <ClInclude Include="include\JUCE\JuceHeader.h">
      <Filter>include\JUCE</Filter>
    </ClInclude>
    <ClInclude Include="include\p4\clientapi.h">
      <Filter>include\p4</Filter>
    </ClInclude>
    <ClInclude Include="include\p4v_helper.h">
      <Filter>include</Filter>
    </ClInclude>
  </ItemGroup>
  <ItemGroup>
    <ClCompile Include="src\Main.cpp">
      <Filter>src</Filter>
    </ClCompile>
  </ItemGroup>
</Project>